{
  "name": "linux-notes",
  "version": "1.0.0",
  "lockfileVersion": 1,
  "requires": true,
  "dependencies": {
    "gitbook-plugin-back-to-top-button": {
      "version": "0.1.4",
      "resolved": "https://registry.npm.taobao.org/gitbook-plugin-back-to-top-button/download/gitbook-plugin-back-to-top-button-0.1.4.tgz",
      "integrity": "sha1-5iGDOLDvGdWOb2YAmUNQt26ANd8="
    },
    "gitbook-plugin-chapter-fold": {
      "version": "0.0.4",
      "resolved": "https://registry.npm.taobao.org/gitbook-plugin-chapter-fold/download/gitbook-plugin-chapter-fold-0.0.4.tgz",
      "integrity": "sha1-3NWiH4C8vJjAiEGXdMOXrm1EY+8="
    },
    "gitbook-plugin-hide-element": {
      "version": "0.0.4",
      "resolved": "https://registry.npm.taobao.org/gitbook-plugin-hide-element/download/gitbook-plugin-hide-element-0.0.4.tgz",
      "integrity": "sha1-k6Pedq7r1TUmFZfSV/cYdvDR3DQ="
    },
    "gitbook-plugin-splitter": {
      "version": "0.0.8",
      "resolved": "https://registry.npm.taobao.org/gitbook-plugin-splitter/download/gitbook-plugin-splitter-0.0.8.tgz",
      "integrity": "sha1-8rBRMGD8kma0awQYLk7KHUtx+vw="
    }
  }
}
